// !$*UTF8*$!
{
	archiveVersion = 1;
	classes = {
	};
	objectVersion = 55;
	objects = {

/* Begin PBXBuildFile section */
		2774CE3B27BC2A1900769D4F /* RegistrtationViewController.swift in Sources */ = {isa = PBXBuildFile; fileRef = 2774CE3A27BC2A1900769D4F /* RegistrtationViewController.swift */; };
		2774CE3D27BC2A4800769D4F /* RegistrationModel.swift in Sources */ = {isa = PBXBuildFile; fileRef = 2774CE3C27BC2A4800769D4F /* RegistrationModel.swift */; };
		2774CE3F27BC2A6F00769D4F /* ResultViewController.swift in Sources */ = {isa = PBXBuildFile; fileRef = 2774CE3E27BC2A6F00769D4F /* ResultViewController.swift */; };
		27C38F2F27B14AE400C31AF1 /* AppDelegate.swift in Sources */ = {isa = PBXBuildFile; fileRef = 27C38F2E27B14AE400C31AF1 /* AppDelegate.swift */; };
		27C38F3127B14AE400C31AF1 /* SceneDelegate.swift in Sources */ = {isa = PBXBuildFile; fileRef = 27C38F3027B14AE400C31AF1 /* SceneDelegate.swift */; };
		27C38F3327B14AE400C31AF1 /* LoginViewController.swift in Sources */ = {isa = PBXBuildFile; fileRef = 27C38F3227B14AE400C31AF1 /* LoginViewController.swift */; };
		27C38F3627B14AE400C31AF1 /* Main.storyboard in Resources */ = {isa = PBXBuildFile; fileRef = 27C38F3427B14AE400C31AF1 /* Main.storyboard */; };
		27C38F3827B14AE600C31AF1 /* Assets.xcassets in Resources */ = {isa = PBXBuildFile; fileRef = 27C38F3727B14AE600C31AF1 /* Assets.xcassets */; };
		27C38F3B27B14AE600C31AF1 /* LaunchScreen.storyboard in Resources */ = {isa = PBXBuildFile; fileRef = 27C38F3927B14AE600C31AF1 /* LaunchScreen.storyboard */; };
/* End PBXBuildFile section */

/* Begin PBXFileReference section */
		2774CE3A27BC2A1900769D4F /* RegistrtationViewController.swift */ = {isa = PBXFileReference; lastKnownFileType = sourcecode.swift; path = RegistrtationViewController.swift; sourceTree = "<group>"; };
		2774CE3C27BC2A4800769D4F /* RegistrationModel.swift */ = {isa = PBXFileReference; lastKnownFileType = sourcecode.swift; path = RegistrationModel.swift; sourceTree = "<group>"; };
		2774CE3E27BC2A6F00769D4F /* ResultViewController.swift */ = {isa = PBXFileReference; lastKnownFileType = sourcecode.swift; path = ResultViewController.swift; sourceTree = "<group>"; };
		27C38F2B27B14AE400C31AF1 /* Lesson 1. new.app */ = {isa = PBXFileReference; explicitFileType = wrapper.application; includeInIndex = 0; path = "Lesson 1. new.app"; sourceTree = BUILT_PRODUCTS_DIR; };
		27C38F2E27B14AE400C31AF1 /* AppDelegate.swift */ = {isa = PBXFileReference; lastKnownFileType = sourcecode.swift; path = AppDelegate.swift; sourceTree = "<group>"; };
		27C38F3027B14AE400C31AF1 /* SceneDelegate.swift */ = {isa = PBXFileReference; lastKnownFileType = sourcecode.swift; path = SceneDelegate.swift; sourceTree = "<group>"; };
		27C38F3227B14AE400C31AF1 /* LoginViewController.swift */ = {isa = PBXFileReference; lastKnownFileType = sourcecode.swift; path = LoginViewController.swift; sourceTree = "<group>"; };
		27C38F3527B14AE400C31AF1 /* Base */ = {isa = PBXFileReference; lastKnownFileType = file.storyboard; name = Base; path = Base.lproj/Main.storyboard; sourceTree = "<group>"; };
		27C38F3727B14AE600C31AF1 /* Assets.xcassets */ = {isa = PBXFileReference; lastKnownFileType = folder.assetcatalog; path = Assets.xcassets; sourceTree = "<group>"; };
		27C38F3A27B14AE600C31AF1 /* Base */ = {isa = PBXFileReference; lastKnownFileType = file.storyboard; name = Base; path = Base.lproj/LaunchScreen.storyboard; sourceTree = "<group>"; };
		27C38F3C27B14AE600C31AF1 /* Info.plist */ = {isa = PBXFileReference; lastKnownFileType = text.plist.xml; path = Info.plist; sourceTree = "<group>"; };
/* End PBXFileReference section */

/* Begin PBXFrameworksBuildPhase section */
		27C38F2827B14AE400C31AF1 /* Frameworks */ = {
			isa = PBXFrameworksBuildPhase;
			buildActionMask = 2147483647;
			files = (
			);
			runOnlyForDeploymentPostprocessing = 0;
		};
/* End PBXFrameworksBuildPhase section */

/* Begin PBXGroup section */
		27C38F2227B14AE400C31AF1 = {
			isa = PBXGroup;
			children = (
				27C38F2D27B14AE400C31AF1 /* Lesson 1. new */,
				27C38F2C27B14AE400C31AF1 /* Products */,
			);
			sourceTree = "<group>";
		};
		27C38F2C27B14AE400C31AF1 /* Products */ = {
			isa = PBXGroup;
			children = (
				27C38F2B27B14AE400C31AF1 /* Lesson 1. new.app */,
			);
			name = Products;
			sourceTree = "<group>";
		};
		27C38F2D27B14AE400C31AF1 /* Lesson 1. new */ = {
			isa = PBXGroup;
			children = (
				27C38F2E27B14AE400C31AF1 /* AppDelegate.swift */,
				27C38F3027B14AE400C31AF1 /* SceneDelegate.swift */,
				27C38F3227B14AE400C31AF1 /* LoginViewController.swift */,
				2774CE3A27BC2A1900769D4F /* RegistrtationViewController.swift */,
				2774CE3C27BC2A4800769D4F /* RegistrationModel.swift */,
				2774CE3E27BC2A6F00769D4F /* ResultViewController.swift */,
				27C38F3427B14AE400C31AF1 /* Main.storyboard */,
				27C38F3727B14AE600C31AF1 /* Assets.xcassets */,
				27C38F3927B14AE600C31AF1 /* LaunchScreen.storyboard */,
				27C38F3C27B14AE600C31AF1 /* Info.plist */,
			);
			path = "Lesson 1. new";
			sourceTree = "<group>";
		};
/* End PBXGroup section */

/* Begin PBXNativeTarget section */
		27C38F2A27B14AE400C31AF1 /* Lesson 1. new */ = {
			isa = PBXNativeTarget;
			buildConfigurationList = 27C38F3F27B14AE600C31AF1 /* Build configuration list for PBXNativeTarget "Lesson 1. new" */;
			buildPhases = (
				27C38F2727B14AE400C31AF1 /* Sources */,
				27C38F2827B14AE400C31AF1 /* Frameworks */,
				27C38F2927B14AE400C31AF1 /* Resources */,
			);
			buildRules = (
			);
			dependencies = (
			);
			name = "Lesson 1. new";
			productName = "Lesson 1. new";
			productReference = 27C38F2B27B14AE400C31AF1 /* Lesson 1. new.app */;
			productType = "com.apple.product-type.application";
		};
/* End PBXNativeTarget section */

/* Begin PBXProject section */
		27C38F2327B14AE400C31AF1 /* Project object */ = {
			isa = PBXProject;
			attributes = {
				BuildIndependentTargetsInParallel = 1;
				LastSwiftUpdateCheck = 1310;
				LastUpgradeCheck = 1310;
				TargetAttributes = {
					27C38F2A27B14AE400C31AF1 = {
						CreatedOnToolsVersion = 13.1;
					};
				};
			};
			buildConfigurationList = 27C38F2627B14AE400C31AF1 /* Build configuration list for PBXProject "Lesson 1. new" */;
			compatibilityVersion = "Xcode 13.0";
			developmentRegion = en;
			hasScannedForEncodings = 0;
			knownRegions = (
				en,
				Base,
			);
			mainGroup = 27C38F2227B14AE400C31AF1;
			productRefGroup = 27C38F2C27B14AE400C31AF1 /* Products */;
			projectDirPath = "";
			projectRoot = "";
			targets = (
				27C38F2A27B14AE400C31AF1 /* Lesson 1. new */,
			);
		};
/* End PBXProject section */

/* Begin PBXResourcesBuildPhase section */
		27C38F2927B14AE400C31AF1 /* Resources */ = {
			isa = PBXResourcesBuildPhase;
			buildActionMask = 2147483647;
			files = (
				27C38F3B27B14AE600C31AF1 /* LaunchScreen.storyboard in Resources */,
				27C38F3827B14AE600C31AF1 /* Assets.xcassets in Resources */,
				27C38F3627B14AE400C31AF1 /* Main.storyboard in Resources */,
			);
			runOnlyForDeploymentPostprocessing = 0;
		};
/* End PBXResourcesBuildPhase section */

/* Begin PBXSourcesBuildPhase section */
		27C38F2727B14AE400C31AF1 /* Sources */ = {
			isa = PBXSourcesBuildPhase;
			buildActionMask = 2147483647;
			files = (
				27C38F3327B14AE400C31AF1 /* LoginViewController.swift in Sources */,
				27C38F2F27B14AE400C31AF1 /* AppDelegate.swift in Sources */,
				2774CE3B27BC2A1900769D4F /* RegistrtationViewController.swift in Sources */,
				27C38F3127B14AE400C31AF1 /* SceneDelegate.swift in Sources */,
				2774CE3D27BC2A4800769D4F /* RegistrationModel.swift in Sources */,
				2774CE3F27BC2A6F00769D4F /* ResultViewController.swift in Sources */,
			);
			runOnlyForDeploymentPostprocessing = 0;
		};
/* End PBXSourcesBuildPhase section */

/* Begin PBXVariantGroup section */
		27C38F3427B14AE400C31AF1 /* Main.storyboard */ = {
			isa = PBXVariantGroup;
			children = (
				27C38F3527B14AE400C31AF1 /* Base */,
			);
			name = Main.storyboard;
			sourceTree = "<group>";
		};
		27C38F3927B14AE600C31AF1 /* LaunchScreen.storyboard */ = {
			isa = PBXVariantGroup;
			children = (
				27C38F3A27B14AE600C31AF1 /* Base */,
			);
			name = LaunchScreen.storyboard;
			sourceTree = "<group>";
		};
/* End PBXVariantGroup section */

/* Begin XCBuildConfiguration section */
		27C38F3D27B14AE600C31AF1 /* Debug */ = {
			isa = XCBuildConfiguration;
			buildSettings = {
				ALWAYS_SEARCH_USER_PATHS = NO;
				CLANG_ANALYZER_NONNULL = YES;
				CLANG_ANALYZER_NUMBER_OBJECT_CONVERSION = YES_AGGRESSIVE;
				CLANG_CXX_LANGUAGE_STANDARD = "gnu++17";
				CLANG_CXX_LIBRARY = "libc++";
				CLANG_ENABLE_MODULES = YES;
				CLANG_ENABLE_OBJC_ARC = YES;
				CLANG_ENABLE_OBJC_WEAK = YES;
				CLANG_WARN_BLOCK_CAPTURE_AUTORELEASING = YES;
				CLANG_WARN_BOOL_CONVERSION = YES;
				CLANG_WARN_COMMA = YES;
				CLANG_WARN_CONSTANT_CONVERSION = YES;
				CLANG_WARN_DEPRECATED_OBJC_IMPLEMENTATIONS = YES;
				CLANG_WARN_DIRECT_OBJC_ISA_USAGE = YES_ERROR;
				CLANG_WARN_DOCUMENTATION_COMMENTS = YES;
				CLANG_WARN_EMPTY_BODY = YES;
				CLANG_WARN_ENUM_CONVERSION = YES;
				CLANG_WARN_INFINITE_RECURSION = YES;
				CLANG_WARN_INT_CONVERSION = YES;
				CLANG_WARN_NON_LITERAL_NULL_CONVERSION = YES;
				CLANG_WARN_OBJC_IMPLICIT_RETAIN_SELF = YES;
				CLANG_WARN_OBJC_LITERAL_CONVERSION = YES;
				CLANG_WARN_OBJC_ROOT_CLASS = YES_ERROR;
				CLANG_WARN_QUOTED_INCLUDE_IN_FRAMEWORK_HEADER = YES;
				CLANG_WARN_RANGE_LOOP_ANALYSIS = YES;
				CLANG_WARN_STRICT_PROTOTYPES = YES;
				CLANG_WARN_SUSPICIOUS_MOVE = YES;
				CLANG_WARN_UNGUARDED_AVAILABILITY = YES_AGGRESSIVE;
				CLANG_WARN_UNREACHABLE_CODE = YES;
				CLANG_WARN__DUPLICATE_METHOD_MATCH = YES;
				COPY_PHASE_STRIP = NO;
				DEBUG_INFORMATION_FORMAT = dwarf;
				ENABLE_STRICT_OBJC_MSGSEND = YES;
				ENABLE_TESTABILITY = YES;
				GCC_C_LANGUAGE_STANDARD = gnu11;
				GCC_DYNAMIC_NO_PIC = NO;
				GCC_NO_COMMON_BLOCKS = YES;
				GCC_OPTIMIZATION_LEVEL = 0;
				GCC_PREPROCESSOR_DEFINITIONS = (
					"DEBUG=1",
					"$(inherited)",
				);
				GCC_WARN_64_TO_32_BIT_CONVERSION = YES;
				GCC_WARN_ABOUT_RETURN_TYPE = YES_ERROR;
				GCC_WARN_UNDECLARED_SELECTOR = YES;
				GCC_WARN_UNINITIALIZED_AUTOS = YES_AGGRESSIVE;
				GCC_WARN_UNUSED_FUNCTION = YES;
				GCC_WARN_UNUSED_VARIABLE = YES;
				IPHONEOS_DEPLOYMENT_TARGET = 15.0;
				MTL_ENABLE_DEBUG_INFO = INCLUDE_SOURCE;
				MTL_FAST_MATH = YES;
				ONLY_ACTIVE_ARCH = YES;
				SDKROOT = iphoneos;
				SWIFT_ACTIVE_COMPILATION_CONDITIONS = DEBUG;
				SWIFT_OPTIMIZATION_LEVEL = "-Onone";
			};
			name = Debug;
		};
		27C38F3E27B14AE600C31AF1 /* Release */ = {
			isa = XCBuildConfiguration;
			buildSettings = {
				ALWAYS_SEARCH_USER_PATHS = NO;
				CLANG_ANALYZER_NONNULL = YES;
				CLANG_ANALYZER_NUMBER_OBJECT_CONVERSION = YES_AGGRESSIVE;
				CLANG_CXX_LANGUAGE_STANDARD = "gnu++17";
				CLANG_CXX_LIBRARY = "libc++";
				CLANG_ENABLE_MODULES = YES;
				CLANG_ENABLE_OBJC_ARC = YES;
				CLANG_ENABLE_OBJC_WEAK = YES;
				CLANG_WARN_BLOCK_CAPTURE_AUTORELEASING = YES;
				CLANG_WARN_BOOL_CONVERSION = YES;
				CLANG_WARN_COMMA = YES;
				CLANG_WARN_CONSTANT_CONVERSION = YES;
				CLANG_WARN_DEPRECATED_OBJC_IMPLEMENTATIONS = YES;
				CLANG_WARN_DIRECT_OBJC_ISA_USAGE = YES_ERROR;
				CLANG_WARN_DOCUMENTATION_COMMENTS = YES;
				CLANG_WARN_EMPTY_BODY = YES;
				CLANG_WARN_ENUM_CONVERSION = YES;
				CLANG_WARN_INFINITE_RECURSION = YES;
				CLANG_WARN_INT_CONVERSION = YES;
				CLANG_WARN_NON_LITERAL_NULL_CONVERSION = YES;
				CLANG_WARN_OBJC_IMPLICIT_RETAIN_SELF = YES;
				CLANG_WARN_OBJC_LITERAL_CONVERSION = YES;
				CLANG_WARN_OBJC_ROOT_CLASS = YES_ERROR;
				CLANG_WARN_QUOTED_INCLUDE_IN_FRAMEWORK_HEADER = YES;
				CLANG_WARN_RANGE_LOOP_ANALYSIS = YES;
				CLANG_WARN_STRICT_PROTOTYPES = YES;
				CLANG_WARN_SUSPICIOUS_MOVE = YES;
				CLANG_WARN_UNGUARDED_AVAILABILITY = YES_AGGRESSIVE;
				CLANG_WARN_UNREACHABLE_CODE = YES;
				CLANG_WARN__DUPLICATE_METHOD_MATCH = YES;
				COPY_PHASE_STRIP = NO;
				DEBUG_INFORMATION_FORMAT = "dwarf-with-dsym";
				ENABLE_NS_ASSERTIONS = NO;
				ENABLE_STRICT_OBJC_MSGSEND = YES;
				GCC_C_LANGUAGE_STANDARD = gnu11;
				GCC_NO_COMMON_BLOCKS = YES;
				GCC_WARN_64_TO_32_BIT_CONVERSION = YES;
				GCC_WARN_ABOUT_RETURN_TYPE = YES_ERROR;
				GCC_WARN_UNDECLARED_SELECTOR = YES;
				GCC_WARN_UNINITIALIZED_AUTOS = YES_AGGRESSIVE;
				GCC_WARN_UNUSED_FUNCTION = YES;
				GCC_WARN_UNUSED_VARIABLE = YES;
				IPHONEOS_DEPLOYMENT_TARGET = 15.0;
				MTL_ENABLE_DEBUG_INFO = NO;
				MTL_FAST_MATH = YES;
				SDKROOT = iphoneos;
				SWIFT_COMPILATION_MODE = wholemodule;
				SWIFT_OPTIMIZATION_LEVEL = "-O";
				VALIDATE_PRODUCT = YES;
			};
			name = Release;
		};
		27C38F4027B14AE600C31AF1 /* Debug */ = {
			isa = XCBuildConfiguration;
			buildSettings = {
				ASSETCATALOG_COMPILER_APPICON_NAME = AppIcon;
				ASSETCATALOG_COMPILER_GLOBAL_ACCENT_COLOR_NAME = AccentColor;
				CODE_SIGN_STYLE = Automatic;
				CURRENT_PROJECT_VERSION = 1;
				DEVELOPMENT_TEAM = 5GG5A2NP5M;
				GENERATE_INFOPLIST_FILE = YES;
				INFOPLIST_FILE = "Lesson 1. new/Info.plist";
				INFOPLIST_KEY_UIApplicationSupportsIndirectInputEvents = YES;
				INFOPLIST_KEY_UILaunchStoryboardName = LaunchScreen;
				INFOPLIST_KEY_UIMainStoryboardFile = Main;
				INFOPLIST_KEY_UISupportedInterfaceOrientations_iPad = "UIInterfaceOrientationPortrait UIInterfaceOrientationPortraitUpsideDown UIInterfaceOrientationLandscapeLeft UIInterfaceOrientationLandscapeRight";
				INFOPLIST_KEY_UISupportedInterfaceOrientations_iPhone = "UIInterfaceOrientationPortrait UIInterfaceOrientationLandscapeLeft UIInterfaceOrientationLandscapeRight";
				LD_RUNPATH_SEARCH_PATHS = (
					"$(inherited)",
					"@executable_path/Frameworks",
				);
				MARKETING_VERSION = 1.0;
				PRODUCT_BUNDLE_IDENTIFIER = "devins.Lesson-1--new";
				PRODUCT_NAME = "$(TARGET_NAME)";
				SWIFT_EMIT_LOC_STRINGS = YES;
				SWIFT_VERSION = 5.0;
				TARGETED_DEVICE_FAMILY = "1,2";
			};
			name = Debug;
		};
		27C38F4127B14AE600C31AF1 /* Release */ = {
			isa = XCBuildConfiguration;
			buildSettings = {
				ASSETCATALOG_COMPILER_APPICON_NAME = AppIcon;
				ASSETCATALOG_COMPILER_GLOBAL_ACCENT_COLOR_NAME = AccentColor;
				CODE_SIGN_STYLE = Automatic;
				CURRENT_PROJECT_VERSION = 1;
				DEVELOPMENT_TEAM = 5GG5A2NP5M;
				GENERATE_INFOPLIST_FILE = YES;
				INFOPLIST_FILE = "Lesson 1. new/Info.plist";
				INFOPLIST_KEY_UIApplicationSupportsIndirectInputEvents = YES;
				INFOPLIST_KEY_UILaunchStoryboardName = LaunchScreen;
				INFOPLIST_KEY_UIMainStoryboardFile = Main;
				INFOPLIST_KEY_UISupportedInterfaceOrientations_iPad = "UIInterfaceOrientationPortrait UIInterfaceOrientationPortraitUpsideDown UIInterfaceOrientationLandscapeLeft UIInterfaceOrientationLandscapeRight";
				INFOPLIST_KEY_UISupportedInterfaceOrientations_iPhone = "UIInterfaceOrientationPortrait UIInterfaceOrientationLandscapeLeft UIInterfaceOrientationLandscapeRight";
				LD_RUNPATH_SEARCH_PATHS = (
					"$(inherited)",
					"@executable_path/Frameworks",
				);
				MARKETING_VERSION = 1.0;
				PRODUCT_BUNDLE_IDENTIFIER = "devins.Lesson-1--new";
				PRODUCT_NAME = "$(TARGET_NAME)";
				SWIFT_EMIT_LOC_STRINGS = YES;
				SWIFT_VERSION = 5.0;
				TARGETED_DEVICE_FAMILY = "1,2";
			};
			name = Release;
		};
/* End XCBuildConfiguration section */

/* Begin XCConfigurationList section */
		27C38F2627B14AE400C31AF1 /* Build configuration list for PBXProject "Lesson 1. new" */ = {
			isa = XCConfigurationList;
			buildConfigurations = (
				27C38F3D27B14AE600C31AF1 /* Debug */,
				27C38F3E27B14AE600C31AF1 /* Release */,
			);
			defaultConfigurationIsVisible = 0;
			defaultConfigurationName = Release;
		};
		27C38F3F27B14AE600C31AF1 /* Build configuration list for PBXNativeTarget "Lesson 1. new" */ = {
			isa = XCConfigurationList;
			buildConfigurations = (
				27C38F4027B14AE600C31AF1 /* Debug */,
				27C38F4127B14AE600C31AF1 /* Release */,
			);
			defaultConfigurationIsVisible = 0;
			defaultConfigurationName = Release;
		};
/* End XCConfigurationList section */
	};
	rootObject = 27C38F2327B14AE400C31AF1 /* Project object */;
}
